// !$*UTF8*$!
{
	archiveVersion = 1;
	classes = {
	};
	objectVersion = 56;
	objects = {

/* Begin PBXBuildFile section */
		1C68CB0A2A60108F0093DDEB /* ProBierApp.swift in Sources */ = {isa = PBXBuildFile; fileRef = 1C68CB092A60108F0093DDEB /* ProBierApp.swift */; };
		1C68CB0C2A60108F0093DDEB /* Persistence.swift in Sources */ = {isa = PBXBuildFile; fileRef = 1C68CB0B2A60108F0093DDEB /* Persistence.swift */; };
		1C68CB0F2A60108F0093DDEB /* ProBier.xcdatamodeld in Sources */ = {isa = PBXBuildFile; fileRef = 1C68CB0D2A60108F0093DDEB /* ProBier.xcdatamodeld */; };
		1C68CB112A60108F0093DDEB /* ContentView.swift in Sources */ = {isa = PBXBuildFile; fileRef = 1C68CB102A60108F0093DDEB /* ContentView.swift */; };
		1C68CB132A6010900093DDEB /* Assets.xcassets in Resources */ = {isa = PBXBuildFile; fileRef = 1C68CB122A6010900093DDEB /* Assets.xcassets */; };
		1C68CB172A6010900093DDEB /* Preview Assets.xcassets in Resources */ = {isa = PBXBuildFile; fileRef = 1C68CB162A6010900093DDEB /* Preview Assets.xcassets */; };
		1C68CB212A6010900093DDEB /* ProBierTests.swift in Sources */ = {isa = PBXBuildFile; fileRef = 1C68CB202A6010900093DDEB /* ProBierTests.swift */; };
		1C68CB2B2A6010900093DDEB /* ProBierUITests.swift in Sources */ = {isa = PBXBuildFile; fileRef = 1C68CB2A2A6010900093DDEB /* ProBierUITests.swift */; };
		1C68CB2D2A6010900093DDEB /* ProBierUITestsLaunchTests.swift in Sources */ = {isa = PBXBuildFile; fileRef = 1C68CB2C2A6010900093DDEB /* ProBierUITestsLaunchTests.swift */; };
		1C68CB3B2A601FF80093DDEB /* BeerManager.swift in Sources */ = {isa = PBXBuildFile; fileRef = 1C68CB3A2A601FF80093DDEB /* BeerManager.swift */; };
		1C68CB3D2A6020D20093DDEB /* BeerEntity.swift in Sources */ = {isa = PBXBuildFile; fileRef = 1C68CB3C2A6020D20093DDEB /* BeerEntity.swift */; };
		1C68CB3F2A6024990093DDEB /* VolumeEntity.swift in Sources */ = {isa = PBXBuildFile; fileRef = 1C68CB3E2A6024990093DDEB /* VolumeEntity.swift */; };
		1C68CB452A6027940093DDEB /* MethodEntity.swift in Sources */ = {isa = PBXBuildFile; fileRef = 1C68CB442A6027940093DDEB /* MethodEntity.swift */; };
		1C68CB472A60287A0093DDEB /* IngredientsEntity.swift in Sources */ = {isa = PBXBuildFile; fileRef = 1C68CB462A60287A0093DDEB /* IngredientsEntity.swift */; };
		1C68CB4B2A603BBA0093DDEB /* API.swift in Sources */ = {isa = PBXBuildFile; fileRef = 1C68CB4A2A603BBA0093DDEB /* API.swift */; };
		1C68CB502A6043700093DDEB /* BeerPreview.swift in Sources */ = {isa = PBXBuildFile; fileRef = 1C68CB4F2A6043700093DDEB /* BeerPreview.swift */; };
		1C68CB522A6067D50093DDEB /* BeerDetail.swift in Sources */ = {isa = PBXBuildFile; fileRef = 1C68CB512A6067D50093DDEB /* BeerDetail.swift */; };
		1C68CB542A606FA60093DDEB /* BeerList.swift in Sources */ = {isa = PBXBuildFile; fileRef = 1C68CB532A606FA60093DDEB /* BeerList.swift */; };
		1C68CB582A6070250093DDEB /* BeerListViewModel.swift in Sources */ = {isa = PBXBuildFile; fileRef = 1C68CB572A6070250093DDEB /* BeerListViewModel.swift */; };
		1C68CB5A2A618DA70093DDEB /* BeerRepository.swift in Sources */ = {isa = PBXBuildFile; fileRef = 1C68CB592A618DA70093DDEB /* BeerRepository.swift */; };
		1C68CB5C2A618E340093DDEB /* BeerInteractor.swift in Sources */ = {isa = PBXBuildFile; fileRef = 1C68CB5B2A618E340093DDEB /* BeerInteractor.swift */; };
		1C68CB5E2A6191260093DDEB /* BeerMapper.swift in Sources */ = {isa = PBXBuildFile; fileRef = 1C68CB5D2A6191260093DDEB /* BeerMapper.swift */; };
		1C68CB602A61CD1A0093DDEB /* BeerModel.swift in Sources */ = {isa = PBXBuildFile; fileRef = 1C68CB5F2A61CD1A0093DDEB /* BeerModel.swift */; };
		1C68CB622A61CD360093DDEB /* VolumeModel.swift in Sources */ = {isa = PBXBuildFile; fileRef = 1C68CB612A61CD360093DDEB /* VolumeModel.swift */; };
		1C68CB642A61CD490093DDEB /* MethodModel.swift in Sources */ = {isa = PBXBuildFile; fileRef = 1C68CB632A61CD490093DDEB /* MethodModel.swift */; };
		1C68CB662A61CD5B0093DDEB /* IngredientsModel.swift in Sources */ = {isa = PBXBuildFile; fileRef = 1C68CB652A61CD5B0093DDEB /* IngredientsModel.swift */; };
		1C68CB682A62A17A0093DDEB /* ErrorType.swift in Sources */ = {isa = PBXBuildFile; fileRef = 1C68CB672A62A17A0093DDEB /* ErrorType.swift */; };
		1C68CB6A2A62A1D50093DDEB /* StateType.swift in Sources */ = {isa = PBXBuildFile; fileRef = 1C68CB692A62A1D50093DDEB /* StateType.swift */; };
		1C68CB6C2A62B6EF0093DDEB /* StoredList.swift in Sources */ = {isa = PBXBuildFile; fileRef = 1C68CB6B2A62B6EF0093DDEB /* StoredList.swift */; };
		1C68CB6D2A62D2750093DDEB /* API.swift in Sources */ = {isa = PBXBuildFile; fileRef = 1C68CB4A2A603BBA0093DDEB /* API.swift */; };
		1C68CB6F2A62D49D0093DDEB /* MockData.json in Resources */ = {isa = PBXBuildFile; fileRef = 1C68CB6E2A62D49D0093DDEB /* MockData.json */; };
		1C68CB702A62D5CC0093DDEB /* BeerEntity.swift in Sources */ = {isa = PBXBuildFile; fileRef = 1C68CB3C2A6020D20093DDEB /* BeerEntity.swift */; };
		1C68CB712A62D5D60093DDEB /* VolumeEntity.swift in Sources */ = {isa = PBXBuildFile; fileRef = 1C68CB3E2A6024990093DDEB /* VolumeEntity.swift */; };
		1C68CB722A62D5D60093DDEB /* MethodEntity.swift in Sources */ = {isa = PBXBuildFile; fileRef = 1C68CB442A6027940093DDEB /* MethodEntity.swift */; };
		1C68CB732A62D5D60093DDEB /* IngredientsEntity.swift in Sources */ = {isa = PBXBuildFile; fileRef = 1C68CB462A60287A0093DDEB /* IngredientsEntity.swift */; };
		1C68CB982A62D90E0093DDEB /* WidgetKit.framework in Frameworks */ = {isa = PBXBuildFile; fileRef = 1C68CB972A62D90E0093DDEB /* WidgetKit.framework */; };
		1C68CB9A2A62D90E0093DDEB /* SwiftUI.framework in Frameworks */ = {isa = PBXBuildFile; fileRef = 1C68CB992A62D90E0093DDEB /* SwiftUI.framework */; };
		1C68CB9D2A62D90E0093DDEB /* ProBierWidgetBundle.swift in Sources */ = {isa = PBXBuildFile; fileRef = 1C68CB9C2A62D90E0093DDEB /* ProBierWidgetBundle.swift */; };
		1C68CB9F2A62D90E0093DDEB /* ProBierWidget.swift in Sources */ = {isa = PBXBuildFile; fileRef = 1C68CB9E2A62D90E0093DDEB /* ProBierWidget.swift */; };
		1C68CBA52A62D90F0093DDEB /* ProBierWidgetExtension.appex in Embed Foundation Extensions */ = {isa = PBXBuildFile; fileRef = 1C68CB952A62D90E0093DDEB /* ProBierWidgetExtension.appex */; settings = {ATTRIBUTES = (RemoveHeadersOnCopy, ); }; };
		1C68CBAA2A62D9AE0093DDEB /* Assets.xcassets in Resources */ = {isa = PBXBuildFile; fileRef = 1C68CB122A6010900093DDEB /* Assets.xcassets */; };
		1C68CBAB2A62DEF70093DDEB /* BeerManager.swift in Sources */ = {isa = PBXBuildFile; fileRef = 1C68CB3A2A601FF80093DDEB /* BeerManager.swift */; };
		1C68CBAD2A62DF6E0093DDEB /* VolumeModel.swift in Sources */ = {isa = PBXBuildFile; fileRef = 1C68CB612A61CD360093DDEB /* VolumeModel.swift */; };
		1C68CBAE2A62DF6E0093DDEB /* IngredientsModel.swift in Sources */ = {isa = PBXBuildFile; fileRef = 1C68CB652A61CD5B0093DDEB /* IngredientsModel.swift */; };
		1C68CBAF2A62DF6E0093DDEB /* MethodModel.swift in Sources */ = {isa = PBXBuildFile; fileRef = 1C68CB632A61CD490093DDEB /* MethodModel.swift */; };
		1C68CBB02A62DF6E0093DDEB /* BeerRepository.swift in Sources */ = {isa = PBXBuildFile; fileRef = 1C68CB592A618DA70093DDEB /* BeerRepository.swift */; };
		1C68CBB12A62DF6E0093DDEB /* BeerInteractor.swift in Sources */ = {isa = PBXBuildFile; fileRef = 1C68CB5B2A618E340093DDEB /* BeerInteractor.swift */; };
		1C68CBB22A62DF6E0093DDEB /* BeerMapper.swift in Sources */ = {isa = PBXBuildFile; fileRef = 1C68CB5D2A6191260093DDEB /* BeerMapper.swift */; };
		1C68CBB32A62DF6E0093DDEB /* BeerModel.swift in Sources */ = {isa = PBXBuildFile; fileRef = 1C68CB5F2A61CD1A0093DDEB /* BeerModel.swift */; };
		1C68CBB82A62DF820093DDEB /* API.swift in Sources */ = {isa = PBXBuildFile; fileRef = 1C68CB4A2A603BBA0093DDEB /* API.swift */; };
		1C68CBB92A62DF820093DDEB /* IngredientsEntity.swift in Sources */ = {isa = PBXBuildFile; fileRef = 1C68CB462A60287A0093DDEB /* IngredientsEntity.swift */; };
		1C68CBBA2A62DF820093DDEB /* MethodEntity.swift in Sources */ = {isa = PBXBuildFile; fileRef = 1C68CB442A6027940093DDEB /* MethodEntity.swift */; };
		1C68CBBB2A62DF820093DDEB /* BeerEntity.swift in Sources */ = {isa = PBXBuildFile; fileRef = 1C68CB3C2A6020D20093DDEB /* BeerEntity.swift */; };
		1C68CBBC2A62DF820093DDEB /* VolumeEntity.swift in Sources */ = {isa = PBXBuildFile; fileRef = 1C68CB3E2A6024990093DDEB /* VolumeEntity.swift */; };
		1C68CBBD2A62DFA00093DDEB /* ErrorType.swift in Sources */ = {isa = PBXBuildFile; fileRef = 1C68CB672A62A17A0093DDEB /* ErrorType.swift */; };
		1C68CBBE2A62DFA00093DDEB /* StateType.swift in Sources */ = {isa = PBXBuildFile; fileRef = 1C68CB692A62A1D50093DDEB /* StateType.swift */; };
		1C68CBBF2A62DFC30093DDEB /* ProBier.xcdatamodeld in Sources */ = {isa = PBXBuildFile; fileRef = 1C68CB0D2A60108F0093DDEB /* ProBier.xcdatamodeld */; };
		1C68CBC22A62E7C70093DDEB /* ModelMapper.swift in Sources */ = {isa = PBXBuildFile; fileRef = 1C68CBC12A62E7C70093DDEB /* ModelMapper.swift */; };
		1C6D7EAF2A6337F800D41FF6 /* Assets.xcassets in Resources */ = {isa = PBXBuildFile; fileRef = 1C6D7EAE2A6337F800D41FF6 /* Assets.xcassets */; };
		1C6D7EB12A641B0000D41FF6 /* BeerDetailViewModel.swift in Sources */ = {isa = PBXBuildFile; fileRef = 1C6D7EB02A641B0000D41FF6 /* BeerDetailViewModel.swift */; };
		1CFCFE762A69BB4000386FFD /* BeerImage.swift in Sources */ = {isa = PBXBuildFile; fileRef = 1CFCFE752A69BB4000386FFD /* BeerImage.swift */; };
/* End PBXBuildFile section */

/* Begin PBXContainerItemProxy section */
		1C68CB1D2A6010900093DDEB /* PBXContainerItemProxy */ = {
			isa = PBXContainerItemProxy;
			containerPortal = 1C68CAFE2A60108F0093DDEB /* Project object */;
			proxyType = 1;
			remoteGlobalIDString = 1C68CB052A60108F0093DDEB;
			remoteInfo = ProBier;
		};
		1C68CB272A6010900093DDEB /* PBXContainerItemProxy */ = {
			isa = PBXContainerItemProxy;
			containerPortal = 1C68CAFE2A60108F0093DDEB /* Project object */;
			proxyType = 1;
			remoteGlobalIDString = 1C68CB052A60108F0093DDEB;
			remoteInfo = ProBier;
		};
		1C68CBA32A62D90F0093DDEB /* PBXContainerItemProxy */ = {
			isa = PBXContainerItemProxy;
			containerPortal = 1C68CAFE2A60108F0093DDEB /* Project object */;
			proxyType = 1;
			remoteGlobalIDString = 1C68CB942A62D90E0093DDEB;
			remoteInfo = ProBierWidgetExtension;
		};
/* End PBXContainerItemProxy section */

/* Begin PBXCopyFilesBuildPhase section */
		1C68CBA62A62D90F0093DDEB /* Embed Foundation Extensions */ = {
			isa = PBXCopyFilesBuildPhase;
			buildActionMask = 2147483647;
			dstPath = "";
			dstSubfolderSpec = 13;
			files = (
				1C68CBA52A62D90F0093DDEB /* ProBierWidgetExtension.appex in Embed Foundation Extensions */,
			);
			name = "Embed Foundation Extensions";
			runOnlyForDeploymentPostprocessing = 0;
		};
/* End PBXCopyFilesBuildPhase section */

/* Begin PBXFileReference section */
		1C68CB062A60108F0093DDEB /* ProBier.app */ = {isa = PBXFileReference; explicitFileType = wrapper.application; includeInIndex = 0; path = ProBier.app; sourceTree = BUILT_PRODUCTS_DIR; };
		1C68CB092A60108F0093DDEB /* ProBierApp.swift */ = {isa = PBXFileReference; lastKnownFileType = sourcecode.swift; path = ProBierApp.swift; sourceTree = "<group>"; };
		1C68CB0B2A60108F0093DDEB /* Persistence.swift */ = {isa = PBXFileReference; lastKnownFileType = sourcecode.swift; path = Persistence.swift; sourceTree = "<group>"; };
		1C68CB0E2A60108F0093DDEB /* ProBier.xcdatamodel */ = {isa = PBXFileReference; lastKnownFileType = wrapper.xcdatamodel; path = ProBier.xcdatamodel; sourceTree = "<group>"; };
		1C68CB102A60108F0093DDEB /* ContentView.swift */ = {isa = PBXFileReference; lastKnownFileType = sourcecode.swift; path = ContentView.swift; sourceTree = "<group>"; };
		1C68CB122A6010900093DDEB /* Assets.xcassets */ = {isa = PBXFileReference; lastKnownFileType = folder.assetcatalog; path = Assets.xcassets; sourceTree = "<group>"; };
		1C68CB142A6010900093DDEB /* ProBier.entitlements */ = {isa = PBXFileReference; lastKnownFileType = text.plist.entitlements; path = ProBier.entitlements; sourceTree = "<group>"; };
		1C68CB162A6010900093DDEB /* Preview Assets.xcassets */ = {isa = PBXFileReference; lastKnownFileType = folder.assetcatalog; path = "Preview Assets.xcassets"; sourceTree = "<group>"; };
		1C68CB1C2A6010900093DDEB /* ProBierTests.xctest */ = {isa = PBXFileReference; explicitFileType = wrapper.cfbundle; includeInIndex = 0; path = ProBierTests.xctest; sourceTree = BUILT_PRODUCTS_DIR; };
		1C68CB202A6010900093DDEB /* ProBierTests.swift */ = {isa = PBXFileReference; lastKnownFileType = sourcecode.swift; path = ProBierTests.swift; sourceTree = "<group>"; };
		1C68CB262A6010900093DDEB /* ProBierUITests.xctest */ = {isa = PBXFileReference; explicitFileType = wrapper.cfbundle; includeInIndex = 0; path = ProBierUITests.xctest; sourceTree = BUILT_PRODUCTS_DIR; };
		1C68CB2A2A6010900093DDEB /* ProBierUITests.swift */ = {isa = PBXFileReference; lastKnownFileType = sourcecode.swift; path = ProBierUITests.swift; sourceTree = "<group>"; };
		1C68CB2C2A6010900093DDEB /* ProBierUITestsLaunchTests.swift */ = {isa = PBXFileReference; lastKnownFileType = sourcecode.swift; path = ProBierUITestsLaunchTests.swift; sourceTree = "<group>"; };
		1C68CB3A2A601FF80093DDEB /* BeerManager.swift */ = {isa = PBXFileReference; lastKnownFileType = sourcecode.swift; path = BeerManager.swift; sourceTree = "<group>"; };
		1C68CB3C2A6020D20093DDEB /* BeerEntity.swift */ = {isa = PBXFileReference; lastKnownFileType = sourcecode.swift; path = BeerEntity.swift; sourceTree = "<group>"; };
		1C68CB3E2A6024990093DDEB /* VolumeEntity.swift */ = {isa = PBXFileReference; lastKnownFileType = sourcecode.swift; path = VolumeEntity.swift; sourceTree = "<group>"; };
		1C68CB442A6027940093DDEB /* MethodEntity.swift */ = {isa = PBXFileReference; lastKnownFileType = sourcecode.swift; path = MethodEntity.swift; sourceTree = "<group>"; };
		1C68CB462A60287A0093DDEB /* IngredientsEntity.swift */ = {isa = PBXFileReference; lastKnownFileType = sourcecode.swift; path = IngredientsEntity.swift; sourceTree = "<group>"; };
		1C68CB4A2A603BBA0093DDEB /* API.swift */ = {isa = PBXFileReference; lastKnownFileType = sourcecode.swift; path = API.swift; sourceTree = "<group>"; };
		1C68CB4F2A6043700093DDEB /* BeerPreview.swift */ = {isa = PBXFileReference; lastKnownFileType = sourcecode.swift; path = BeerPreview.swift; sourceTree = "<group>"; };
		1C68CB512A6067D50093DDEB /* BeerDetail.swift */ = {isa = PBXFileReference; lastKnownFileType = sourcecode.swift; path = BeerDetail.swift; sourceTree = "<group>"; };
		1C68CB532A606FA60093DDEB /* BeerList.swift */ = {isa = PBXFileReference; lastKnownFileType = sourcecode.swift; path = BeerList.swift; sourceTree = "<group>"; };
		1C68CB572A6070250093DDEB /* BeerListViewModel.swift */ = {isa = PBXFileReference; lastKnownFileType = sourcecode.swift; path = BeerListViewModel.swift; sourceTree = "<group>"; };
		1C68CB592A618DA70093DDEB /* BeerRepository.swift */ = {isa = PBXFileReference; lastKnownFileType = sourcecode.swift; path = BeerRepository.swift; sourceTree = "<group>"; };
		1C68CB5B2A618E340093DDEB /* BeerInteractor.swift */ = {isa = PBXFileReference; lastKnownFileType = sourcecode.swift; path = BeerInteractor.swift; sourceTree = "<group>"; };
		1C68CB5D2A6191260093DDEB /* BeerMapper.swift */ = {isa = PBXFileReference; lastKnownFileType = sourcecode.swift; path = BeerMapper.swift; sourceTree = "<group>"; };
		1C68CB5F2A61CD1A0093DDEB /* BeerModel.swift */ = {isa = PBXFileReference; lastKnownFileType = sourcecode.swift; path = BeerModel.swift; sourceTree = "<group>"; };
		1C68CB612A61CD360093DDEB /* VolumeModel.swift */ = {isa = PBXFileReference; lastKnownFileType = sourcecode.swift; path = VolumeModel.swift; sourceTree = "<group>"; };
		1C68CB632A61CD490093DDEB /* MethodModel.swift */ = {isa = PBXFileReference; lastKnownFileType = sourcecode.swift; path = MethodModel.swift; sourceTree = "<group>"; };
		1C68CB652A61CD5B0093DDEB /* IngredientsModel.swift */ = {isa = PBXFileReference; lastKnownFileType = sourcecode.swift; path = IngredientsModel.swift; sourceTree = "<group>"; };
		1C68CB672A62A17A0093DDEB /* ErrorType.swift */ = {isa = PBXFileReference; lastKnownFileType = sourcecode.swift; path = ErrorType.swift; sourceTree = "<group>"; };
		1C68CB692A62A1D50093DDEB /* StateType.swift */ = {isa = PBXFileReference; lastKnownFileType = sourcecode.swift; path = StateType.swift; sourceTree = "<group>"; };
		1C68CB6B2A62B6EF0093DDEB /* StoredList.swift */ = {isa = PBXFileReference; lastKnownFileType = sourcecode.swift; path = StoredList.swift; sourceTree = "<group>"; };
		1C68CB6E2A62D49D0093DDEB /* MockData.json */ = {isa = PBXFileReference; lastKnownFileType = text.json; path = MockData.json; sourceTree = "<group>"; };
		1C68CB952A62D90E0093DDEB /* ProBierWidgetExtension.appex */ = {isa = PBXFileReference; explicitFileType = "wrapper.app-extension"; includeInIndex = 0; path = ProBierWidgetExtension.appex; sourceTree = BUILT_PRODUCTS_DIR; };
		1C68CB972A62D90E0093DDEB /* WidgetKit.framework */ = {isa = PBXFileReference; lastKnownFileType = wrapper.framework; name = WidgetKit.framework; path = System/Library/Frameworks/WidgetKit.framework; sourceTree = SDKROOT; };
		1C68CB992A62D90E0093DDEB /* SwiftUI.framework */ = {isa = PBXFileReference; lastKnownFileType = wrapper.framework; name = SwiftUI.framework; path = System/Library/Frameworks/SwiftUI.framework; sourceTree = SDKROOT; };
		1C68CB9C2A62D90E0093DDEB /* ProBierWidgetBundle.swift */ = {isa = PBXFileReference; lastKnownFileType = sourcecode.swift; path = ProBierWidgetBundle.swift; sourceTree = "<group>"; };
		1C68CB9E2A62D90E0093DDEB /* ProBierWidget.swift */ = {isa = PBXFileReference; lastKnownFileType = sourcecode.swift; path = ProBierWidget.swift; sourceTree = "<group>"; };
		1C68CBA22A62D90F0093DDEB /* Info.plist */ = {isa = PBXFileReference; lastKnownFileType = text.plist.xml; path = Info.plist; sourceTree = "<group>"; };
		1C68CBC12A62E7C70093DDEB /* ModelMapper.swift */ = {isa = PBXFileReference; lastKnownFileType = sourcecode.swift; path = ModelMapper.swift; sourceTree = "<group>"; };
		1C6D7EAE2A6337F800D41FF6 /* Assets.xcassets */ = {isa = PBXFileReference; lastKnownFileType = folder.assetcatalog; path = Assets.xcassets; sourceTree = "<group>"; };
		1C6D7EB02A641B0000D41FF6 /* BeerDetailViewModel.swift */ = {isa = PBXFileReference; lastKnownFileType = sourcecode.swift; path = BeerDetailViewModel.swift; sourceTree = "<group>"; };
		1C6D7EB42A643A8700D41FF6 /* Info.plist */ = {isa = PBXFileReference; lastKnownFileType = text.plist; path = Info.plist; sourceTree = "<group>"; };
		1CFCFE752A69BB4000386FFD /* BeerImage.swift */ = {isa = PBXFileReference; lastKnownFileType = sourcecode.swift; path = BeerImage.swift; sourceTree = "<group>"; };
/* End PBXFileReference section */

/* Begin PBXFrameworksBuildPhase section */
		1C68CB032A60108F0093DDEB /* Frameworks */ = {
			isa = PBXFrameworksBuildPhase;
			buildActionMask = 2147483647;
			files = (
			);
			runOnlyForDeploymentPostprocessing = 0;
		};
		1C68CB192A6010900093DDEB /* Frameworks */ = {
			isa = PBXFrameworksBuildPhase;
			buildActionMask = 2147483647;
			files = (
			);
			runOnlyForDeploymentPostprocessing = 0;
		};
		1C68CB232A6010900093DDEB /* Frameworks */ = {
			isa = PBXFrameworksBuildPhase;
			buildActionMask = 2147483647;
			files = (
			);
			runOnlyForDeploymentPostprocessing = 0;
		};
		1C68CB922A62D90E0093DDEB /* Frameworks */ = {
			isa = PBXFrameworksBuildPhase;
			buildActionMask = 2147483647;
			files = (
				1C68CB9A2A62D90E0093DDEB /* SwiftUI.framework in Frameworks */,
				1C68CB982A62D90E0093DDEB /* WidgetKit.framework in Frameworks */,
			);
			runOnlyForDeploymentPostprocessing = 0;
		};
/* End PBXFrameworksBuildPhase section */

/* Begin PBXGroup section */
		1C68CAFD2A60108F0093DDEB = {
			isa = PBXGroup;
			children = (
				1C68CB082A60108F0093DDEB /* ProBier */,
				1C68CB1F2A6010900093DDEB /* ProBierTests */,
				1C68CB292A6010900093DDEB /* ProBierUITests */,
				1C68CB9B2A62D90E0093DDEB /* ProBierWidget */,
				1C68CB962A62D90E0093DDEB /* Frameworks */,
				1C68CB072A60108F0093DDEB /* Products */,
			);
			sourceTree = "<group>";
		};
		1C68CB072A60108F0093DDEB /* Products */ = {
			isa = PBXGroup;
			children = (
				1C68CB062A60108F0093DDEB /* ProBier.app */,
				1C68CB1C2A6010900093DDEB /* ProBierTests.xctest */,
				1C68CB262A6010900093DDEB /* ProBierUITests.xctest */,
				1C68CB952A62D90E0093DDEB /* ProBierWidgetExtension.appex */,
			);
			name = Products;
			sourceTree = "<group>";
		};
		1C68CB082A60108F0093DDEB /* ProBier */ = {
			isa = PBXGroup;
			children = (
				1C6D7EB42A643A8700D41FF6 /* Info.plist */,
				1C68CB4C2A60432A0093DDEB /* View */,
				1C68CB482A6039190093DDEB /* Data */,
				1C68CB392A601FA70093DDEB /* Network */,
				1C68CB092A60108F0093DDEB /* ProBierApp.swift */,
				1C68CB0B2A60108F0093DDEB /* Persistence.swift */,
				1C68CB122A6010900093DDEB /* Assets.xcassets */,
				1C68CB142A6010900093DDEB /* ProBier.entitlements */,
				1C68CB152A6010900093DDEB /* Preview Content */,
				1C68CB672A62A17A0093DDEB /* ErrorType.swift */,
				1C68CB692A62A1D50093DDEB /* StateType.swift */,
			);
			path = ProBier;
			sourceTree = "<group>";
		};
		1C68CB152A6010900093DDEB /* Preview Content */ = {
			isa = PBXGroup;
			children = (
				1C68CB162A6010900093DDEB /* Preview Assets.xcassets */,
			);
			path = "Preview Content";
			sourceTree = "<group>";
		};
		1C68CB1F2A6010900093DDEB /* ProBierTests */ = {
			isa = PBXGroup;
			children = (
				1C68CB202A6010900093DDEB /* ProBierTests.swift */,
				1C68CB6E2A62D49D0093DDEB /* MockData.json */,
			);
			path = ProBierTests;
			sourceTree = "<group>";
		};
		1C68CB292A6010900093DDEB /* ProBierUITests */ = {
			isa = PBXGroup;
			children = (
				1C68CB2A2A6010900093DDEB /* ProBierUITests.swift */,
				1C68CB2C2A6010900093DDEB /* ProBierUITestsLaunchTests.swift */,
			);
			path = ProBierUITests;
			sourceTree = "<group>";
		};
		1C68CB392A601FA70093DDEB /* Network */ = {
			isa = PBXGroup;
			children = (
				1C68CB3A2A601FF80093DDEB /* BeerManager.swift */,
				1C68CB3C2A6020D20093DDEB /* BeerEntity.swift */,
				1C68CB3E2A6024990093DDEB /* VolumeEntity.swift */,
				1C68CB442A6027940093DDEB /* MethodEntity.swift */,
				1C68CB462A60287A0093DDEB /* IngredientsEntity.swift */,
				1C68CB4A2A603BBA0093DDEB /* API.swift */,
			);
			path = Network;
			sourceTree = "<group>";
		};
		1C68CB482A6039190093DDEB /* Data */ = {
			isa = PBXGroup;
			children = (
				1C68CB492A6039430093DDEB /* Model */,
				1C68CB592A618DA70093DDEB /* BeerRepository.swift */,
				1C68CB5B2A618E340093DDEB /* BeerInteractor.swift */,
				1C68CB5D2A6191260093DDEB /* BeerMapper.swift */,
				1C68CBC12A62E7C70093DDEB /* ModelMapper.swift */,
			);
			path = Data;
			sourceTree = "<group>";
		};
		1C68CB492A6039430093DDEB /* Model */ = {
			isa = PBXGroup;
			children = (
				1C68CB0D2A60108F0093DDEB /* ProBier.xcdatamodeld */,
				1C68CB5F2A61CD1A0093DDEB /* BeerModel.swift */,
				1C68CB612A61CD360093DDEB /* VolumeModel.swift */,
				1C68CB632A61CD490093DDEB /* MethodModel.swift */,
				1C68CB652A61CD5B0093DDEB /* IngredientsModel.swift */,
			);
			path = Model;
			sourceTree = "<group>";
		};
		1C68CB4C2A60432A0093DDEB /* View */ = {
			isa = PBXGroup;
			children = (
				1C6D7EB32A64210200D41FF6 /* BeerList */,
				1C6D7EB22A6420F400D41FF6 /* BeerDetail */,
				1C68CB102A60108F0093DDEB /* ContentView.swift */,
				1C68CB4F2A6043700093DDEB /* BeerPreview.swift */,
				1C68CB6B2A62B6EF0093DDEB /* StoredList.swift */,
				1CFCFE752A69BB4000386FFD /* BeerImage.swift */,
			);
			path = View;
			sourceTree = "<group>";
		};
		1C68CB962A62D90E0093DDEB /* Frameworks */ = {
			isa = PBXGroup;
			children = (
				1C68CB972A62D90E0093DDEB /* WidgetKit.framework */,
				1C68CB992A62D90E0093DDEB /* SwiftUI.framework */,
			);
			name = Frameworks;
			sourceTree = "<group>";
		};
		1C68CB9B2A62D90E0093DDEB /* ProBierWidget */ = {
			isa = PBXGroup;
			children = (
				1C68CB9C2A62D90E0093DDEB /* ProBierWidgetBundle.swift */,
				1C68CB9E2A62D90E0093DDEB /* ProBierWidget.swift */,
				1C68CBA22A62D90F0093DDEB /* Info.plist */,
				1C6D7EAE2A6337F800D41FF6 /* Assets.xcassets */,
			);
			path = ProBierWidget;
			sourceTree = "<group>";
		};
		1C6D7EB22A6420F400D41FF6 /* BeerDetail */ = {
			isa = PBXGroup;
			children = (
				1C68CB512A6067D50093DDEB /* BeerDetail.swift */,
				1C6D7EB02A641B0000D41FF6 /* BeerDetailViewModel.swift */,
			);
			path = BeerDetail;
			sourceTree = "<group>";
		};
		1C6D7EB32A64210200D41FF6 /* BeerList */ = {
			isa = PBXGroup;
			children = (
				1C68CB532A606FA60093DDEB /* BeerList.swift */,
				1C68CB572A6070250093DDEB /* BeerListViewModel.swift */,
			);
			path = BeerList;
			sourceTree = "<group>";
		};
/* End PBXGroup section */

/* Begin PBXNativeTarget section */
		1C68CB052A60108F0093DDEB /* ProBier */ = {
			isa = PBXNativeTarget;
			buildConfigurationList = 1C68CB302A6010900093DDEB /* Build configuration list for PBXNativeTarget "ProBier" */;
			buildPhases = (
				1C68CB022A60108F0093DDEB /* Sources */,
				1C68CB032A60108F0093DDEB /* Frameworks */,
				1C68CB042A60108F0093DDEB /* Resources */,
				1C68CBA62A62D90F0093DDEB /* Embed Foundation Extensions */,
			);
			buildRules = (
			);
			dependencies = (
				1C68CBA42A62D90F0093DDEB /* PBXTargetDependency */,
			);
			name = ProBier;
			productName = ProBier;
			productReference = 1C68CB062A60108F0093DDEB /* ProBier.app */;
			productType = "com.apple.product-type.application";
		};
		1C68CB1B2A6010900093DDEB /* ProBierTests */ = {
			isa = PBXNativeTarget;
			buildConfigurationList = 1C68CB332A6010900093DDEB /* Build configuration list for PBXNativeTarget "ProBierTests" */;
			buildPhases = (
				1C68CB182A6010900093DDEB /* Sources */,
				1C68CB192A6010900093DDEB /* Frameworks */,
				1C68CB1A2A6010900093DDEB /* Resources */,
			);
			buildRules = (
			);
			dependencies = (
				1C68CB1E2A6010900093DDEB /* PBXTargetDependency */,
			);
			name = ProBierTests;
			productName = ProBierTests;
			productReference = 1C68CB1C2A6010900093DDEB /* ProBierTests.xctest */;
			productType = "com.apple.product-type.bundle.unit-test";
		};
		1C68CB252A6010900093DDEB /* ProBierUITests */ = {
			isa = PBXNativeTarget;
			buildConfigurationList = 1C68CB362A6010900093DDEB /* Build configuration list for PBXNativeTarget "ProBierUITests" */;
			buildPhases = (
				1C68CB222A6010900093DDEB /* Sources */,
				1C68CB232A6010900093DDEB /* Frameworks */,
				1C68CB242A6010900093DDEB /* Resources */,
			);
			buildRules = (
			);
			dependencies = (
				1C68CB282A6010900093DDEB /* PBXTargetDependency */,
			);
			name = ProBierUITests;
			productName = ProBierUITests;
			productReference = 1C68CB262A6010900093DDEB /* ProBierUITests.xctest */;
			productType = "com.apple.product-type.bundle.ui-testing";
		};
		1C68CB942A62D90E0093DDEB /* ProBierWidgetExtension */ = {
			isa = PBXNativeTarget;
			buildConfigurationList = 1C68CBA92A62D90F0093DDEB /* Build configuration list for PBXNativeTarget "ProBierWidgetExtension" */;
			buildPhases = (
				1C68CB912A62D90E0093DDEB /* Sources */,
				1C68CB922A62D90E0093DDEB /* Frameworks */,
				1C68CB932A62D90E0093DDEB /* Resources */,
			);
			buildRules = (
			);
			dependencies = (
			);
			name = ProBierWidgetExtension;
			productName = ProBierWidgetExtension;
			productReference = 1C68CB952A62D90E0093DDEB /* ProBierWidgetExtension.appex */;
			productType = "com.apple.product-type.app-extension";
		};
/* End PBXNativeTarget section */

/* Begin PBXProject section */
		1C68CAFE2A60108F0093DDEB /* Project object */ = {
			isa = PBXProject;
			attributes = {
				BuildIndependentTargetsInParallel = 1;
				LastSwiftUpdateCheck = 1500;
				LastUpgradeCheck = 1500;
				TargetAttributes = {
					1C68CB052A60108F0093DDEB = {
						CreatedOnToolsVersion = 15.0;
					};
					1C68CB1B2A6010900093DDEB = {
						CreatedOnToolsVersion = 15.0;
						TestTargetID = 1C68CB052A60108F0093DDEB;
					};
					1C68CB252A6010900093DDEB = {
						CreatedOnToolsVersion = 15.0;
						TestTargetID = 1C68CB052A60108F0093DDEB;
					};
					1C68CB942A62D90E0093DDEB = {
						CreatedOnToolsVersion = 15.0;
					};
				};
			};
			buildConfigurationList = 1C68CB012A60108F0093DDEB /* Build configuration list for PBXProject "ProBier" */;
			compatibilityVersion = "Xcode 14.0";
			developmentRegion = en;
			hasScannedForEncodings = 0;
			knownRegions = (
				en,
				Base,
			);
			mainGroup = 1C68CAFD2A60108F0093DDEB;
			productRefGroup = 1C68CB072A60108F0093DDEB /* Products */;
			projectDirPath = "";
			projectRoot = "";
			targets = (
				1C68CB052A60108F0093DDEB /* ProBier */,
				1C68CB1B2A6010900093DDEB /* ProBierTests */,
				1C68CB252A6010900093DDEB /* ProBierUITests */,
				1C68CB942A62D90E0093DDEB /* ProBierWidgetExtension */,
			);
		};
/* End PBXProject section */

/* Begin PBXResourcesBuildPhase section */
		1C68CB042A60108F0093DDEB /* Resources */ = {
			isa = PBXResourcesBuildPhase;
			buildActionMask = 2147483647;
			files = (
				1C68CB172A6010900093DDEB /* Preview Assets.xcassets in Resources */,
				1C68CB132A6010900093DDEB /* Assets.xcassets in Resources */,
			);
			runOnlyForDeploymentPostprocessing = 0;
		};
		1C68CB1A2A6010900093DDEB /* Resources */ = {
			isa = PBXResourcesBuildPhase;
			buildActionMask = 2147483647;
			files = (
				1C68CB6F2A62D49D0093DDEB /* MockData.json in Resources */,
			);
			runOnlyForDeploymentPostprocessing = 0;
		};
		1C68CB242A6010900093DDEB /* Resources */ = {
			isa = PBXResourcesBuildPhase;
			buildActionMask = 2147483647;
			files = (
			);
			runOnlyForDeploymentPostprocessing = 0;
		};
		1C68CB932A62D90E0093DDEB /* Resources */ = {
			isa = PBXResourcesBuildPhase;
			buildActionMask = 2147483647;
			files = (
				1C6D7EAF2A6337F800D41FF6 /* Assets.xcassets in Resources */,
				1C68CBAA2A62D9AE0093DDEB /* Assets.xcassets in Resources */,
			);
			runOnlyForDeploymentPostprocessing = 0;
		};
/* End PBXResourcesBuildPhase section */

/* Begin PBXSourcesBuildPhase section */
		1C68CB022A60108F0093DDEB /* Sources */ = {
			isa = PBXSourcesBuildPhase;
			buildActionMask = 2147483647;
			files = (
				1C68CB6C2A62B6EF0093DDEB /* StoredList.swift in Sources */,
				1C68CB452A6027940093DDEB /* MethodEntity.swift in Sources */,
				1C68CB0F2A60108F0093DDEB /* ProBier.xcdatamodeld in Sources */,
				1C68CB642A61CD490093DDEB /* MethodModel.swift in Sources */,
				1C68CB662A61CD5B0093DDEB /* IngredientsModel.swift in Sources */,
				1C68CB3B2A601FF80093DDEB /* BeerManager.swift in Sources */,
				1CFCFE762A69BB4000386FFD /* BeerImage.swift in Sources */,
				1C68CB502A6043700093DDEB /* BeerPreview.swift in Sources */,
				1C68CB682A62A17A0093DDEB /* ErrorType.swift in Sources */,
				1C68CB0A2A60108F0093DDEB /* ProBierApp.swift in Sources */,
				1C68CB5E2A6191260093DDEB /* BeerMapper.swift in Sources */,
				1C68CB4B2A603BBA0093DDEB /* API.swift in Sources */,
				1C68CB112A60108F0093DDEB /* ContentView.swift in Sources */,
				1C68CB3D2A6020D20093DDEB /* BeerEntity.swift in Sources */,
				1C68CB5C2A618E340093DDEB /* BeerInteractor.swift in Sources */,
				1C68CB582A6070250093DDEB /* BeerListViewModel.swift in Sources */,
				1C6D7EB12A641B0000D41FF6 /* BeerDetailViewModel.swift in Sources */,
				1C68CBC22A62E7C70093DDEB /* ModelMapper.swift in Sources */,
				1C68CB602A61CD1A0093DDEB /* BeerModel.swift in Sources */,
				1C68CB622A61CD360093DDEB /* VolumeModel.swift in Sources */,
				1C68CB6A2A62A1D50093DDEB /* StateType.swift in Sources */,
				1C68CB5A2A618DA70093DDEB /* BeerRepository.swift in Sources */,
				1C68CB522A6067D50093DDEB /* BeerDetail.swift in Sources */,
				1C68CB542A606FA60093DDEB /* BeerList.swift in Sources */,
				1C68CB3F2A6024990093DDEB /* VolumeEntity.swift in Sources */,
				1C68CB472A60287A0093DDEB /* IngredientsEntity.swift in Sources */,
				1C68CB0C2A60108F0093DDEB /* Persistence.swift in Sources */,
			);
			runOnlyForDeploymentPostprocessing = 0;
		};
		1C68CB182A6010900093DDEB /* Sources */ = {
			isa = PBXSourcesBuildPhase;
			buildActionMask = 2147483647;
			files = (
				1C68CB6D2A62D2750093DDEB /* API.swift in Sources */,
				1C68CB722A62D5D60093DDEB /* MethodEntity.swift in Sources */,
				1C68CB702A62D5CC0093DDEB /* BeerEntity.swift in Sources */,
				1C68CB732A62D5D60093DDEB /* IngredientsEntity.swift in Sources */,
				1C68CB712A62D5D60093DDEB /* VolumeEntity.swift in Sources */,
				1C68CB212A6010900093DDEB /* ProBierTests.swift in Sources */,
			);
			runOnlyForDeploymentPostprocessing = 0;
		};
		1C68CB222A6010900093DDEB /* Sources */ = {
			isa = PBXSourcesBuildPhase;
			buildActionMask = 2147483647;
			files = (
				1C68CB2D2A6010900093DDEB /* ProBierUITestsLaunchTests.swift in Sources */,
				1C68CB2B2A6010900093DDEB /* ProBierUITests.swift in Sources */,
			);
			runOnlyForDeploymentPostprocessing = 0;
		};
		1C68CB912A62D90E0093DDEB /* Sources */ = {
			isa = PBXSourcesBuildPhase;
			buildActionMask = 2147483647;
			files = (
				1C68CBB82A62DF820093DDEB /* API.swift in Sources */,
				1C68CBAE2A62DF6E0093DDEB /* IngredientsModel.swift in Sources */,
				1C68CBB32A62DF6E0093DDEB /* BeerModel.swift in Sources */,
				1C68CBB92A62DF820093DDEB /* IngredientsEntity.swift in Sources */,
				1C68CBAB2A62DEF70093DDEB /* BeerManager.swift in Sources */,
				1C68CB9D2A62D90E0093DDEB /* ProBierWidgetBundle.swift in Sources */,
				1C68CBBD2A62DFA00093DDEB /* ErrorType.swift in Sources */,
				1C68CBBE2A62DFA00093DDEB /* StateType.swift in Sources */,
				1C68CBAF2A62DF6E0093DDEB /* MethodModel.swift in Sources */,
				1C68CBB12A62DF6E0093DDEB /* BeerInteractor.swift in Sources */,
				1C68CBB22A62DF6E0093DDEB /* BeerMapper.swift in Sources */,
				1C68CBBC2A62DF820093DDEB /* VolumeEntity.swift in Sources */,
				1C68CBBA2A62DF820093DDEB /* MethodEntity.swift in Sources */,
				1C68CBB02A62DF6E0093DDEB /* BeerRepository.swift in Sources */,
				1C68CB9F2A62D90E0093DDEB /* ProBierWidget.swift in Sources */,
				1C68CBBF2A62DFC30093DDEB /* ProBier.xcdatamodeld in Sources */,
				1C68CBBB2A62DF820093DDEB /* BeerEntity.swift in Sources */,
				1C68CBAD2A62DF6E0093DDEB /* VolumeModel.swift in Sources */,
			);
			runOnlyForDeploymentPostprocessing = 0;
		};
/* End PBXSourcesBuildPhase section */

/* Begin PBXTargetDependency section */
		1C68CB1E2A6010900093DDEB /* PBXTargetDependency */ = {
			isa = PBXTargetDependency;
			target = 1C68CB052A60108F0093DDEB /* ProBier */;
			targetProxy = 1C68CB1D2A6010900093DDEB /* PBXContainerItemProxy */;
		};
		1C68CB282A6010900093DDEB /* PBXTargetDependency */ = {
			isa = PBXTargetDependency;
			target = 1C68CB052A60108F0093DDEB /* ProBier */;
			targetProxy = 1C68CB272A6010900093DDEB /* PBXContainerItemProxy */;
		};
		1C68CBA42A62D90F0093DDEB /* PBXTargetDependency */ = {
			isa = PBXTargetDependency;
			target = 1C68CB942A62D90E0093DDEB /* ProBierWidgetExtension */;
			targetProxy = 1C68CBA32A62D90F0093DDEB /* PBXContainerItemProxy */;
		};
/* End PBXTargetDependency section */

/* Begin XCBuildConfiguration section */
		1C68CB2E2A6010900093DDEB /* Debug */ = {
			isa = XCBuildConfiguration;
			buildSettings = {
				ALWAYS_SEARCH_USER_PATHS = NO;
				ASSETCATALOG_COMPILER_GENERATE_SWIFT_ASSET_SYMBOL_EXTENSIONS = YES;
				CLANG_ANALYZER_NONNULL = YES;
				CLANG_ANALYZER_NUMBER_OBJECT_CONVERSION = YES_AGGRESSIVE;
				CLANG_CXX_LANGUAGE_STANDARD = "gnu++20";
				CLANG_ENABLE_MODULES = YES;
				CLANG_ENABLE_OBJC_ARC = YES;
				CLANG_ENABLE_OBJC_WEAK = YES;
				CLANG_WARN_BLOCK_CAPTURE_AUTORELEASING = YES;
				CLANG_WARN_BOOL_CONVERSION = YES;
				CLANG_WARN_COMMA = YES;
				CLANG_WARN_CONSTANT_CONVERSION = YES;
				CLANG_WARN_DEPRECATED_OBJC_IMPLEMENTATIONS = YES;
				CLANG_WARN_DIRECT_OBJC_ISA_USAGE = YES_ERROR;
				CLANG_WARN_DOCUMENTATION_COMMENTS = YES;
				CLANG_WARN_EMPTY_BODY = YES;
				CLANG_WARN_ENUM_CONVERSION = YES;
				CLANG_WARN_INFINITE_RECURSION = YES;
				CLANG_WARN_INT_CONVERSION = YES;
				CLANG_WARN_NON_LITERAL_NULL_CONVERSION = YES;
				CLANG_WARN_OBJC_IMPLICIT_RETAIN_SELF = YES;
				CLANG_WARN_OBJC_LITERAL_CONVERSION = YES;
				CLANG_WARN_OBJC_ROOT_CLASS = YES_ERROR;
				CLANG_WARN_QUOTED_INCLUDE_IN_FRAMEWORK_HEADER = YES;
				CLANG_WARN_RANGE_LOOP_ANALYSIS = YES;
				CLANG_WARN_STRICT_PROTOTYPES = YES;
				CLANG_WARN_SUSPICIOUS_MOVE = YES;
				CLANG_WARN_UNGUARDED_AVAILABILITY = YES_AGGRESSIVE;
				CLANG_WARN_UNREACHABLE_CODE = YES;
				CLANG_WARN__DUPLICATE_METHOD_MATCH = YES;
				COPY_PHASE_STRIP = NO;
				DEBUG_INFORMATION_FORMAT = dwarf;
				ENABLE_STRICT_OBJC_MSGSEND = YES;
				ENABLE_TESTABILITY = YES;
				ENABLE_USER_SCRIPT_SANDBOXING = YES;
				GCC_C_LANGUAGE_STANDARD = gnu17;
				GCC_DYNAMIC_NO_PIC = NO;
				GCC_NO_COMMON_BLOCKS = YES;
				GCC_OPTIMIZATION_LEVEL = 0;
				GCC_PREPROCESSOR_DEFINITIONS = (
					"DEBUG=1",
					"$(inherited)",
				);
				GCC_WARN_64_TO_32_BIT_CONVERSION = YES;
				GCC_WARN_ABOUT_RETURN_TYPE = YES_ERROR;
				GCC_WARN_UNDECLARED_SELECTOR = YES;
				GCC_WARN_UNINITIALIZED_AUTOS = YES_AGGRESSIVE;
				GCC_WARN_UNUSED_FUNCTION = YES;
				GCC_WARN_UNUSED_VARIABLE = YES;
				LOCALIZATION_PREFERS_STRING_CATALOGS = YES;
				MTL_ENABLE_DEBUG_INFO = INCLUDE_SOURCE;
				MTL_FAST_MATH = YES;
				ONLY_ACTIVE_ARCH = YES;
				SWIFT_ACTIVE_COMPILATION_CONDITIONS = "DEBUG $(inherited)";
				SWIFT_OPTIMIZATION_LEVEL = "-Onone";
			};
			name = Debug;
		};
		1C68CB2F2A6010900093DDEB /* Release */ = {
			isa = XCBuildConfiguration;
			buildSettings = {
				ALWAYS_SEARCH_USER_PATHS = NO;
				ASSETCATALOG_COMPILER_GENERATE_SWIFT_ASSET_SYMBOL_EXTENSIONS = YES;
				CLANG_ANALYZER_NONNULL = YES;
				CLANG_ANALYZER_NUMBER_OBJECT_CONVERSION = YES_AGGRESSIVE;
				CLANG_CXX_LANGUAGE_STANDARD = "gnu++20";
				CLANG_ENABLE_MODULES = YES;
				CLANG_ENABLE_OBJC_ARC = YES;
				CLANG_ENABLE_OBJC_WEAK = YES;
				CLANG_WARN_BLOCK_CAPTURE_AUTORELEASING = YES;
				CLANG_WARN_BOOL_CONVERSION = YES;
				CLANG_WARN_COMMA = YES;
				CLANG_WARN_CONSTANT_CONVERSION = YES;
				CLANG_WARN_DEPRECATED_OBJC_IMPLEMENTATIONS = YES;
				CLANG_WARN_DIRECT_OBJC_ISA_USAGE = YES_ERROR;
				CLANG_WARN_DOCUMENTATION_COMMENTS = YES;
				CLANG_WARN_EMPTY_BODY = YES;
				CLANG_WARN_ENUM_CONVERSION = YES;
				CLANG_WARN_INFINITE_RECURSION = YES;
				CLANG_WARN_INT_CONVERSION = YES;
				CLANG_WARN_NON_LITERAL_NULL_CONVERSION = YES;
				CLANG_WARN_OBJC_IMPLICIT_RETAIN_SELF = YES;
				CLANG_WARN_OBJC_LITERAL_CONVERSION = YES;
				CLANG_WARN_OBJC_ROOT_CLASS = YES_ERROR;
				CLANG_WARN_QUOTED_INCLUDE_IN_FRAMEWORK_HEADER = YES;
				CLANG_WARN_RANGE_LOOP_ANALYSIS = YES;
				CLANG_WARN_STRICT_PROTOTYPES = YES;
				CLANG_WARN_SUSPICIOUS_MOVE = YES;
				CLANG_WARN_UNGUARDED_AVAILABILITY = YES_AGGRESSIVE;
				CLANG_WARN_UNREACHABLE_CODE = YES;
				CLANG_WARN__DUPLICATE_METHOD_MATCH = YES;
				COPY_PHASE_STRIP = NO;
				DEBUG_INFORMATION_FORMAT = "dwarf-with-dsym";
				ENABLE_NS_ASSERTIONS = NO;
				ENABLE_STRICT_OBJC_MSGSEND = YES;
				ENABLE_USER_SCRIPT_SANDBOXING = YES;
				GCC_C_LANGUAGE_STANDARD = gnu17;
				GCC_NO_COMMON_BLOCKS = YES;
				GCC_WARN_64_TO_32_BIT_CONVERSION = YES;
				GCC_WARN_ABOUT_RETURN_TYPE = YES_ERROR;
				GCC_WARN_UNDECLARED_SELECTOR = YES;
				GCC_WARN_UNINITIALIZED_AUTOS = YES_AGGRESSIVE;
				GCC_WARN_UNUSED_FUNCTION = YES;
				GCC_WARN_UNUSED_VARIABLE = YES;
				LOCALIZATION_PREFERS_STRING_CATALOGS = YES;
				MTL_ENABLE_DEBUG_INFO = NO;
				MTL_FAST_MATH = YES;
				SWIFT_COMPILATION_MODE = wholemodule;
			};
			name = Release;
		};
		1C68CB312A6010900093DDEB /* Debug */ = {
			isa = XCBuildConfiguration;
			buildSettings = {
				ALWAYS_EMBED_SWIFT_STANDARD_LIBRARIES = YES;
				ASSETCATALOG_COMPILER_APPICON_NAME = AppIcon;
				ASSETCATALOG_COMPILER_GLOBAL_ACCENT_COLOR_NAME = AccentColor;
				CODE_SIGN_ENTITLEMENTS = ProBier/ProBier.entitlements;
				CODE_SIGN_STYLE = Automatic;
				CURRENT_PROJECT_VERSION = 1;
				DEVELOPMENT_ASSET_PATHS = "\"ProBier/Preview Content\"";
				DEVELOPMENT_TEAM = 5VCTU6NWZK;
				ENABLE_PREVIEWS = YES;
				GENERATE_INFOPLIST_FILE = YES;
				INFOPLIST_FILE = ProBier/Info.plist;
				INFOPLIST_KEY_CFBundleDisplayName = ProBier;
				INFOPLIST_KEY_LSApplicationCategoryType = "public.app-category.food-and-drink";
				"INFOPLIST_KEY_UIApplicationSceneManifest_Generation[sdk=iphoneos*]" = YES;
				"INFOPLIST_KEY_UIApplicationSceneManifest_Generation[sdk=iphonesimulator*]" = YES;
				"INFOPLIST_KEY_UIApplicationSupportsIndirectInputEvents[sdk=iphoneos*]" = YES;
				"INFOPLIST_KEY_UIApplicationSupportsIndirectInputEvents[sdk=iphonesimulator*]" = YES;
				"INFOPLIST_KEY_UILaunchScreen_Generation[sdk=iphoneos*]" = YES;
				"INFOPLIST_KEY_UILaunchScreen_Generation[sdk=iphonesimulator*]" = YES;
				INFOPLIST_KEY_UILaunchStoryboardName = LaunchScreen;
				"INFOPLIST_KEY_UIStatusBarStyle[sdk=iphoneos*]" = UIStatusBarStyleDefault;
				"INFOPLIST_KEY_UIStatusBarStyle[sdk=iphonesimulator*]" = UIStatusBarStyleDefault;
				INFOPLIST_KEY_UISupportedInterfaceOrientations_iPad = "UIInterfaceOrientationPortrait UIInterfaceOrientationPortraitUpsideDown UIInterfaceOrientationLandscapeLeft UIInterfaceOrientationLandscapeRight";
				INFOPLIST_KEY_UISupportedInterfaceOrientations_iPhone = "UIInterfaceOrientationPortrait UIInterfaceOrientationLandscapeLeft UIInterfaceOrientationLandscapeRight";
				IPHONEOS_DEPLOYMENT_TARGET = 16.0;
				LD_RUNPATH_SEARCH_PATHS = "@executable_path/Frameworks";
				"LD_RUNPATH_SEARCH_PATHS[sdk=macosx*]" = "@executable_path/../Frameworks";
				MACOSX_DEPLOYMENT_TARGET = 13.0;
				MARKETING_VERSION = 1.0;
				PRODUCT_BUNDLE_IDENTIFIER = de.hcw.ProBier;
				PRODUCT_NAME = "$(TARGET_NAME)";
				SDKROOT = auto;
				SUPPORTED_PLATFORMS = "iphoneos iphonesimulator";
				SUPPORTS_MACCATALYST = NO;
				SUPPORTS_MAC_DESIGNED_FOR_IPHONE_IPAD = NO;
				SWIFT_EMIT_LOC_STRINGS = YES;
				SWIFT_VERSION = 5.0;
				TARGETED_DEVICE_FAMILY = "1,2";
			};
			name = Debug;
		};
		1C68CB322A6010900093DDEB /* Release */ = {
			isa = XCBuildConfiguration;
			buildSettings = {
				ALWAYS_EMBED_SWIFT_STANDARD_LIBRARIES = YES;
				ASSETCATALOG_COMPILER_APPICON_NAME = AppIcon;
				ASSETCATALOG_COMPILER_GLOBAL_ACCENT_COLOR_NAME = AccentColor;
				CODE_SIGN_ENTITLEMENTS = ProBier/ProBier.entitlements;
				CODE_SIGN_STYLE = Automatic;
				CURRENT_PROJECT_VERSION = 1;
				DEVELOPMENT_ASSET_PATHS = "\"ProBier/Preview Content\"";
				DEVELOPMENT_TEAM = 5VCTU6NWZK;
				ENABLE_PREVIEWS = YES;
				GENERATE_INFOPLIST_FILE = YES;
				INFOPLIST_FILE = ProBier/Info.plist;
				INFOPLIST_KEY_CFBundleDisplayName = ProBier;
				INFOPLIST_KEY_LSApplicationCategoryType = "public.app-category.food-and-drink";
				"INFOPLIST_KEY_UIApplicationSceneManifest_Generation[sdk=iphoneos*]" = YES;
				"INFOPLIST_KEY_UIApplicationSceneManifest_Generation[sdk=iphonesimulator*]" = YES;
				"INFOPLIST_KEY_UIApplicationSupportsIndirectInputEvents[sdk=iphoneos*]" = YES;
				"INFOPLIST_KEY_UIApplicationSupportsIndirectInputEvents[sdk=iphonesimulator*]" = YES;
				"INFOPLIST_KEY_UILaunchScreen_Generation[sdk=iphoneos*]" = YES;
				"INFOPLIST_KEY_UILaunchScreen_Generation[sdk=iphonesimulator*]" = YES;
				INFOPLIST_KEY_UILaunchStoryboardName = LaunchScreen;
				"INFOPLIST_KEY_UIStatusBarStyle[sdk=iphoneos*]" = UIStatusBarStyleDefault;
				"INFOPLIST_KEY_UIStatusBarStyle[sdk=iphonesimulator*]" = UIStatusBarStyleDefault;
				INFOPLIST_KEY_UISupportedInterfaceOrientations_iPad = "UIInterfaceOrientationPortrait UIInterfaceOrientationPortraitUpsideDown UIInterfaceOrientationLandscapeLeft UIInterfaceOrientationLandscapeRight";
				INFOPLIST_KEY_UISupportedInterfaceOrientations_iPhone = "UIInterfaceOrientationPortrait UIInterfaceOrientationLandscapeLeft UIInterfaceOrientationLandscapeRight";
				IPHONEOS_DEPLOYMENT_TARGET = 16.0;
				LD_RUNPATH_SEARCH_PATHS = "@executable_path/Frameworks";
				"LD_RUNPATH_SEARCH_PATHS[sdk=macosx*]" = "@executable_path/../Frameworks";
				MACOSX_DEPLOYMENT_TARGET = 13.0;
				MARKETING_VERSION = 1.0;
				PRODUCT_BUNDLE_IDENTIFIER = de.hcw.ProBier;
				PRODUCT_NAME = "$(TARGET_NAME)";
				SDKROOT = auto;
				SUPPORTED_PLATFORMS = "iphoneos iphonesimulator";
				SUPPORTS_MACCATALYST = NO;
				SUPPORTS_MAC_DESIGNED_FOR_IPHONE_IPAD = NO;
				SWIFT_EMIT_LOC_STRINGS = YES;
				SWIFT_VERSION = 5.0;
				TARGETED_DEVICE_FAMILY = "1,2";
			};
			name = Release;
		};
		1C68CB342A6010900093DDEB /* Debug */ = {
			isa = XCBuildConfiguration;
			buildSettings = {
				ALWAYS_EMBED_SWIFT_STANDARD_LIBRARIES = YES;
				BUNDLE_LOADER = "$(TEST_HOST)";
				CODE_SIGN_STYLE = Automatic;
				CURRENT_PROJECT_VERSION = 1;
				GENERATE_INFOPLIST_FILE = YES;
				IPHONEOS_DEPLOYMENT_TARGET = 17.0;
				MACOSX_DEPLOYMENT_TARGET = 14.0;
				MARKETING_VERSION = 1.0;
				PRODUCT_BUNDLE_IDENTIFIER = de.hcw.ProBierTests;
				PRODUCT_NAME = "$(TARGET_NAME)";
				SDKROOT = auto;
				SUPPORTED_PLATFORMS = "iphoneos iphonesimulator macosx";
				SWIFT_EMIT_LOC_STRINGS = NO;
				SWIFT_VERSION = 5.0;
				TARGETED_DEVICE_FAMILY = "1,2";
				TEST_HOST = "$(BUILT_PRODUCTS_DIR)/ProBier.app/$(BUNDLE_EXECUTABLE_FOLDER_PATH)/ProBier";
			};
			name = Debug;
		};
		1C68CB352A6010900093DDEB /* Release */ = {
			isa = XCBuildConfiguration;
			buildSettings = {
				ALWAYS_EMBED_SWIFT_STANDARD_LIBRARIES = YES;
				BUNDLE_LOADER = "$(TEST_HOST)";
				CODE_SIGN_STYLE = Automatic;
				CURRENT_PROJECT_VERSION = 1;
				GENERATE_INFOPLIST_FILE = YES;
				IPHONEOS_DEPLOYMENT_TARGET = 17.0;
				MACOSX_DEPLOYMENT_TARGET = 14.0;
				MARKETING_VERSION = 1.0;
				PRODUCT_BUNDLE_IDENTIFIER = de.hcw.ProBierTests;
				PRODUCT_NAME = "$(TARGET_NAME)";
				SDKROOT = auto;
				SUPPORTED_PLATFORMS = "iphoneos iphonesimulator macosx";
				SWIFT_EMIT_LOC_STRINGS = NO;
				SWIFT_VERSION = 5.0;
				TARGETED_DEVICE_FAMILY = "1,2";
				TEST_HOST = "$(BUILT_PRODUCTS_DIR)/ProBier.app/$(BUNDLE_EXECUTABLE_FOLDER_PATH)/ProBier";
			};
			name = Release;
		};
		1C68CB372A6010900093DDEB /* Debug */ = {
			isa = XCBuildConfiguration;
			buildSettings = {
				ALWAYS_EMBED_SWIFT_STANDARD_LIBRARIES = YES;
				CODE_SIGN_STYLE = Automatic;
				CURRENT_PROJECT_VERSION = 1;
				GENERATE_INFOPLIST_FILE = YES;
				IPHONEOS_DEPLOYMENT_TARGET = 17.0;
				MACOSX_DEPLOYMENT_TARGET = 14.0;
				MARKETING_VERSION = 1.0;
				PRODUCT_BUNDLE_IDENTIFIER = de.hcw.ProBierUITests;
				PRODUCT_NAME = "$(TARGET_NAME)";
				SDKROOT = auto;
				SUPPORTED_PLATFORMS = "iphoneos iphonesimulator macosx";
				SWIFT_EMIT_LOC_STRINGS = NO;
				SWIFT_VERSION = 5.0;
				TARGETED_DEVICE_FAMILY = "1,2";
				TEST_TARGET_NAME = ProBier;
			};
			name = Debug;
		};
		1C68CB382A6010900093DDEB /* Release */ = {
			isa = XCBuildConfiguration;
			buildSettings = {
				ALWAYS_EMBED_SWIFT_STANDARD_LIBRARIES = YES;
				CODE_SIGN_STYLE = Automatic;
				CURRENT_PROJECT_VERSION = 1;
				GENERATE_INFOPLIST_FILE = YES;
				IPHONEOS_DEPLOYMENT_TARGET = 17.0;
				MACOSX_DEPLOYMENT_TARGET = 14.0;
				MARKETING_VERSION = 1.0;
				PRODUCT_BUNDLE_IDENTIFIER = de.hcw.ProBierUITests;
				PRODUCT_NAME = "$(TARGET_NAME)";
				SDKROOT = auto;
				SUPPORTED_PLATFORMS = "iphoneos iphonesimulator macosx";
				SWIFT_EMIT_LOC_STRINGS = NO;
				SWIFT_VERSION = 5.0;
				TARGETED_DEVICE_FAMILY = "1,2";
				TEST_TARGET_NAME = ProBier;
			};
			name = Release;
		};
		1C68CBA72A62D90F0093DDEB /* Debug */ = {
			isa = XCBuildConfiguration;
			buildSettings = {
				ASSETCATALOG_COMPILER_GLOBAL_ACCENT_COLOR_NAME = AccentColor;
				ASSETCATALOG_COMPILER_WIDGET_BACKGROUND_COLOR_NAME = WidgetBackground;
				CODE_SIGN_STYLE = Automatic;
				CURRENT_PROJECT_VERSION = 1;
				DEVELOPMENT_TEAM = 5VCTU6NWZK;
				GENERATE_INFOPLIST_FILE = YES;
				INFOPLIST_FILE = ProBierWidget/Info.plist;
				INFOPLIST_KEY_CFBundleDisplayName = ProBierWidget;
				INFOPLIST_KEY_NSHumanReadableCopyright = "";
				IPHONEOS_DEPLOYMENT_TARGET = 16.0;
				LD_RUNPATH_SEARCH_PATHS = (
					"$(inherited)",
					"@executable_path/Frameworks",
					"@executable_path/../../Frameworks",
				);
				MARKETING_VERSION = 1.0;
				PRODUCT_BUNDLE_IDENTIFIER = de.hcw.ProBier.ProBierWidget;
				PRODUCT_NAME = "$(TARGET_NAME)";
				SDKROOT = iphoneos;
				SKIP_INSTALL = YES;
				SWIFT_EMIT_LOC_STRINGS = YES;
				SWIFT_VERSION = 5.0;
				TARGETED_DEVICE_FAMILY = "1,2";
			};
			name = Debug;
		};
		1C68CBA82A62D90F0093DDEB /* Release */ = {
			isa = XCBuildConfiguration;
			buildSettings = {
				ASSETCATALOG_COMPILER_GLOBAL_ACCENT_COLOR_NAME = AccentColor;
				ASSETCATALOG_COMPILER_WIDGET_BACKGROUND_COLOR_NAME = WidgetBackground;
				CODE_SIGN_STYLE = Automatic;
				CURRENT_PROJECT_VERSION = 1;
				DEVELOPMENT_TEAM = 5VCTU6NWZK;
				GENERATE_INFOPLIST_FILE = YES;
				INFOPLIST_FILE = ProBierWidget/Info.plist;
				INFOPLIST_KEY_CFBundleDisplayName = ProBierWidget;
				INFOPLIST_KEY_NSHumanReadableCopyright = "";
				IPHONEOS_DEPLOYMENT_TARGET = 16.0;
				LD_RUNPATH_SEARCH_PATHS = (
					"$(inherited)",
					"@executable_path/Frameworks",
					"@executable_path/../../Frameworks",
				);
				MARKETING_VERSION = 1.0;
				PRODUCT_BUNDLE_IDENTIFIER = de.hcw.ProBier.ProBierWidget;
				PRODUCT_NAME = "$(TARGET_NAME)";
				SDKROOT = iphoneos;
				SKIP_INSTALL = YES;
				SWIFT_EMIT_LOC_STRINGS = YES;
				SWIFT_VERSION = 5.0;
				TARGETED_DEVICE_FAMILY = "1,2";
				VALIDATE_PRODUCT = YES;
			};
			name = Release;
		};
/* End XCBuildConfiguration section */

/* Begin XCConfigurationList section */
		1C68CB012A60108F0093DDEB /* Build configuration list for PBXProject "ProBier" */ = {
			isa = XCConfigurationList;
			buildConfigurations = (
				1C68CB2E2A6010900093DDEB /* Debug */,
				1C68CB2F2A6010900093DDEB /* Release */,
			);
			defaultConfigurationIsVisible = 0;
			defaultConfigurationName = Release;
		};
		1C68CB302A6010900093DDEB /* Build configuration list for PBXNativeTarget "ProBier" */ = {
			isa = XCConfigurationList;
			buildConfigurations = (
				1C68CB312A6010900093DDEB /* Debug */,
				1C68CB322A6010900093DDEB /* Release */,
			);
			defaultConfigurationIsVisible = 0;
			defaultConfigurationName = Release;
		};
		1C68CB332A6010900093DDEB /* Build configuration list for PBXNativeTarget "ProBierTests" */ = {
			isa = XCConfigurationList;
			buildConfigurations = (
				1C68CB342A6010900093DDEB /* Debug */,
				1C68CB352A6010900093DDEB /* Release */,
			);
			defaultConfigurationIsVisible = 0;
			defaultConfigurationName = Release;
		};
		1C68CB362A6010900093DDEB /* Build configuration list for PBXNativeTarget "ProBierUITests" */ = {
			isa = XCConfigurationList;
			buildConfigurations = (
				1C68CB372A6010900093DDEB /* Debug */,
				1C68CB382A6010900093DDEB /* Release */,
			);
			defaultConfigurationIsVisible = 0;
			defaultConfigurationName = Release;
		};
		1C68CBA92A62D90F0093DDEB /* Build configuration list for PBXNativeTarget "ProBierWidgetExtension" */ = {
			isa = XCConfigurationList;
			buildConfigurations = (
				1C68CBA72A62D90F0093DDEB /* Debug */,
				1C68CBA82A62D90F0093DDEB /* Release */,
			);
			defaultConfigurationIsVisible = 0;
			defaultConfigurationName = Release;
		};
/* End XCConfigurationList section */

/* Begin XCVersionGroup section */
		1C68CB0D2A60108F0093DDEB /* ProBier.xcdatamodeld */ = {
			isa = XCVersionGroup;
			children = (
				1C68CB0E2A60108F0093DDEB /* ProBier.xcdatamodel */,
			);
			currentVersion = 1C68CB0E2A60108F0093DDEB /* ProBier.xcdatamodel */;
			path = ProBier.xcdatamodeld;
			sourceTree = "<group>";
			versionGroupType = wrapper.xcdatamodel;
		};
/* End XCVersionGroup section */
	};
	rootObject = 1C68CAFE2A60108F0093DDEB /* Project object */;
}
